// !$*UTF8*$!
{
	archiveVersion = 1;
	classes = {
	};
	objectVersion = 50;
	objects = {

/* Begin PBXBuildFile section */
		8036AB8723133A3B00ACF25F /* AppDelegate.swift in Sources */ = {isa = PBXBuildFile; fileRef = 8036AB8623133A3B00ACF25F /* AppDelegate.swift */; };
		8036AB8923133A3B00ACF25F /* ViewController.swift in Sources */ = {isa = PBXBuildFile; fileRef = 8036AB8823133A3B00ACF25F /* ViewController.swift */; };
		8036AB8C23133A3B00ACF25F /* Main.storyboard in Resources */ = {isa = PBXBuildFile; fileRef = 8036AB8A23133A3B00ACF25F /* Main.storyboard */; };
		8036AB8E23133A3D00ACF25F /* Assets.xcassets in Resources */ = {isa = PBXBuildFile; fileRef = 8036AB8D23133A3D00ACF25F /* Assets.xcassets */; };
		8036AB9123133A3D00ACF25F /* LaunchScreen.storyboard in Resources */ = {isa = PBXBuildFile; fileRef = 8036AB8F23133A3D00ACF25F /* LaunchScreen.storyboard */; };
		80DED0F72313425E00389748 /* WebKit.framework in Frameworks */ = {isa = PBXBuildFile; fileRef = 80DED0F62313425E00389748 /* WebKit.framework */; };
		80DED0F92314635A00389748 /* CanvasView.swift in Sources */ = {isa = PBXBuildFile; fileRef = 80DED0F82314635A00389748 /* CanvasView.swift */; };
		80DED0FF2316015A00389748 /* TapBox.swift in Sources */ = {isa = PBXBuildFile; fileRef = 80DED0FE2316015A00389748 /* TapBox.swift */; };
		80DED10123171E8100389748 /* WebLink.swift in Sources */ = {isa = PBXBuildFile; fileRef = 80DED10023171E8100389748 /* WebLink.swift */; };
		80DED103231728FA00389748 /* CirclerView.swift in Sources */ = {isa = PBXBuildFile; fileRef = 80DED102231728FA00389748 /* CirclerView.swift */; };
		80DED1072317477600389748 /* TapWindow.swift in Sources */ = {isa = PBXBuildFile; fileRef = 80DED1062317477600389748 /* TapWindow.swift */; };
		80DED1092318084F00389748 /* CirclerRecognizer.swift in Sources */ = {isa = PBXBuildFile; fileRef = 80DED1082318084F00389748 /* CirclerRecognizer.swift */; };
		80DED10D2319741E00389748 /* FixedPath.swift in Sources */ = {isa = PBXBuildFile; fileRef = 80DED10C2319741E00389748 /* FixedPath.swift */; };
/* End PBXBuildFile section */

/* Begin PBXFileReference section */
		8036AB8323133A3B00ACF25F /* NotesThing.app */ = {isa = PBXFileReference; explicitFileType = wrapper.application; includeInIndex = 0; path = NotesThing.app; sourceTree = BUILT_PRODUCTS_DIR; };
		8036AB8623133A3B00ACF25F /* AppDelegate.swift */ = {isa = PBXFileReference; lastKnownFileType = sourcecode.swift; path = AppDelegate.swift; sourceTree = "<group>"; };
		8036AB8823133A3B00ACF25F /* ViewController.swift */ = {isa = PBXFileReference; lastKnownFileType = sourcecode.swift; path = ViewController.swift; sourceTree = "<group>"; };
		8036AB8B23133A3B00ACF25F /* Base */ = {isa = PBXFileReference; lastKnownFileType = file.storyboard; name = Base; path = Base.lproj/Main.storyboard; sourceTree = "<group>"; };
		8036AB8D23133A3D00ACF25F /* Assets.xcassets */ = {isa = PBXFileReference; lastKnownFileType = folder.assetcatalog; path = Assets.xcassets; sourceTree = "<group>"; };
		8036AB9023133A3D00ACF25F /* Base */ = {isa = PBXFileReference; lastKnownFileType = file.storyboard; name = Base; path = Base.lproj/LaunchScreen.storyboard; sourceTree = "<group>"; };
		8036AB9223133A3D00ACF25F /* Info.plist */ = {isa = PBXFileReference; lastKnownFileType = text.plist.xml; path = Info.plist; sourceTree = "<group>"; };
		80DED0F62313425E00389748 /* WebKit.framework */ = {isa = PBXFileReference; lastKnownFileType = wrapper.framework; name = WebKit.framework; path = System/Library/Frameworks/WebKit.framework; sourceTree = SDKROOT; };
		80DED0F82314635A00389748 /* CanvasView.swift */ = {isa = PBXFileReference; lastKnownFileType = sourcecode.swift; path = CanvasView.swift; sourceTree = "<group>"; };
		80DED0FE2316015A00389748 /* TapBox.swift */ = {isa = PBXFileReference; lastKnownFileType = sourcecode.swift; path = TapBox.swift; sourceTree = "<group>"; };
		80DED10023171E8100389748 /* WebLink.swift */ = {isa = PBXFileReference; lastKnownFileType = sourcecode.swift; path = WebLink.swift; sourceTree = "<group>"; };
		80DED102231728FA00389748 /* CirclerView.swift */ = {isa = PBXFileReference; lastKnownFileType = sourcecode.swift; path = CirclerView.swift; sourceTree = "<group>"; };
		80DED1062317477600389748 /* TapWindow.swift */ = {isa = PBXFileReference; lastKnownFileType = sourcecode.swift; path = TapWindow.swift; sourceTree = "<group>"; };
		80DED1082318084F00389748 /* CirclerRecognizer.swift */ = {isa = PBXFileReference; lastKnownFileType = sourcecode.swift; path = CirclerRecognizer.swift; sourceTree = "<group>"; };
		80DED10C2319741E00389748 /* FixedPath.swift */ = {isa = PBXFileReference; lastKnownFileType = sourcecode.swift; path = FixedPath.swift; sourceTree = "<group>"; };
/* End PBXFileReference section */

/* Begin PBXFrameworksBuildPhase section */
		8036AB8023133A3B00ACF25F /* Frameworks */ = {
			isa = PBXFrameworksBuildPhase;
			buildActionMask = 2147483647;
			files = (
				80DED0F72313425E00389748 /* WebKit.framework in Frameworks */,
			);
			runOnlyForDeploymentPostprocessing = 0;
		};
/* End PBXFrameworksBuildPhase section */

/* Begin PBXGroup section */
		8036AB7A23133A3B00ACF25F = {
			isa = PBXGroup;
			children = (
				8036AB8523133A3B00ACF25F /* NotesThing */,
				8036AB8423133A3B00ACF25F /* Products */,
				80DED0F52313425E00389748 /* Frameworks */,
			);
			sourceTree = "<group>";
		};
		8036AB8423133A3B00ACF25F /* Products */ = {
			isa = PBXGroup;
			children = (
				8036AB8323133A3B00ACF25F /* NotesThing.app */,
			);
			name = Products;
			sourceTree = "<group>";
		};
		8036AB8523133A3B00ACF25F /* NotesThing */ = {
			isa = PBXGroup;
			children = (
				80DED10C2319741E00389748 /* FixedPath.swift */,
				80DED1082318084F00389748 /* CirclerRecognizer.swift */,
				80DED0FE2316015A00389748 /* TapBox.swift */,
				8036AB8623133A3B00ACF25F /* AppDelegate.swift */,
				80DED1062317477600389748 /* TapWindow.swift */,
				8036AB8823133A3B00ACF25F /* ViewController.swift */,
				80DED10023171E8100389748 /* WebLink.swift */,
				8036AB8A23133A3B00ACF25F /* Main.storyboard */,
				80DED0F82314635A00389748 /* CanvasView.swift */,
				80DED102231728FA00389748 /* CirclerView.swift */,
				8036AB8D23133A3D00ACF25F /* Assets.xcassets */,
				8036AB8F23133A3D00ACF25F /* LaunchScreen.storyboard */,
				8036AB9223133A3D00ACF25F /* Info.plist */,
			);
			path = NotesThing;
			sourceTree = "<group>";
		};
		80DED0F52313425E00389748 /* Frameworks */ = {
			isa = PBXGroup;
			children = (
				80DED0F62313425E00389748 /* WebKit.framework */,
			);
			name = Frameworks;
			sourceTree = "<group>";
		};
/* End PBXGroup section */

/* Begin PBXNativeTarget section */
		8036AB8223133A3B00ACF25F /* NotesThing */ = {
			isa = PBXNativeTarget;
			buildConfigurationList = 8036AB9523133A3D00ACF25F /* Build configuration list for PBXNativeTarget "NotesThing" */;
			buildPhases = (
				8036AB7F23133A3B00ACF25F /* Sources */,
				8036AB8023133A3B00ACF25F /* Frameworks */,
				8036AB8123133A3B00ACF25F /* Resources */,
			);
			buildRules = (
			);
			dependencies = (
			);
			name = NotesThing;
			productName = NotesThing;
			productReference = 8036AB8323133A3B00ACF25F /* NotesThing.app */;
			productType = "com.apple.product-type.application";
		};
/* End PBXNativeTarget section */

/* Begin PBXProject section */
		8036AB7B23133A3B00ACF25F /* Project object */ = {
			isa = PBXProject;
			attributes = {
				LastSwiftUpdateCheck = 1030;
				LastUpgradeCheck = 1030;
				ORGANIZATIONNAME = "Alex Gajewski";
				TargetAttributes = {
					8036AB8223133A3B00ACF25F = {
						CreatedOnToolsVersion = 10.3;
					};
				};
			};
			buildConfigurationList = 8036AB7E23133A3B00ACF25F /* Build configuration list for PBXProject "NotesThing" */;
			compatibilityVersion = "Xcode 9.3";
			developmentRegion = en;
			hasScannedForEncodings = 0;
			knownRegions = (
				en,
				Base,
			);
			mainGroup = 8036AB7A23133A3B00ACF25F;
			productRefGroup = 8036AB8423133A3B00ACF25F /* Products */;
			projectDirPath = "";
			projectRoot = "";
			targets = (
				8036AB8223133A3B00ACF25F /* NotesThing */,
			);
		};
/* End PBXProject section */

/* Begin PBXResourcesBuildPhase section */
		8036AB8123133A3B00ACF25F /* Resources */ = {
			isa = PBXResourcesBuildPhase;
			buildActionMask = 2147483647;
			files = (
				8036AB9123133A3D00ACF25F /* LaunchScreen.storyboard in Resources */,
				8036AB8E23133A3D00ACF25F /* Assets.xcassets in Resources */,
				8036AB8C23133A3B00ACF25F /* Main.storyboard in Resources */,
			);
			runOnlyForDeploymentPostprocessing = 0;
		};
/* End PBXResourcesBuildPhase section */

/* Begin PBXSourcesBuildPhase section */
		8036AB7F23133A3B00ACF25F /* Sources */ = {
			isa = PBXSourcesBuildPhase;
			buildActionMask = 2147483647;
			files = (
				8036AB8923133A3B00ACF25F /* ViewController.swift in Sources */,
				80DED0FF2316015A00389748 /* TapBox.swift in Sources */,
				80DED10123171E8100389748 /* WebLink.swift in Sources */,
				8036AB8723133A3B00ACF25F /* AppDelegate.swift in Sources */,
				80DED1092318084F00389748 /* CirclerRecognizer.swift in Sources */,
				80DED10D2319741E00389748 /* FixedPath.swift in Sources */,
				80DED0F92314635A00389748 /* CanvasView.swift in Sources */,
				80DED103231728FA00389748 /* CirclerView.swift in Sources */,
				80DED1072317477600389748 /* TapWindow.swift in Sources */,
			);
			runOnlyForDeploymentPostprocessing = 0;
		};
/* End PBXSourcesBuildPhase section */

/* Begin PBXVariantGroup section */
		8036AB8A23133A3B00ACF25F /* Main.storyboard */ = {
			isa = PBXVariantGroup;
			children = (
				8036AB8B23133A3B00ACF25F /* Base */,
			);
			name = Main.storyboard;
			sourceTree = "<group>";
		};
		8036AB8F23133A3D00ACF25F /* LaunchScreen.storyboard */ = {
			isa = PBXVariantGroup;
			children = (
				8036AB9023133A3D00ACF25F /* Base */,
			);
			name = LaunchScreen.storyboard;
			sourceTree = "<group>";
		};
/* End PBXVariantGroup section */

/* Begin XCBuildConfiguration section */
		8036AB9323133A3D00ACF25F /* Debug */ = {
			isa = XCBuildConfiguration;
			buildSettings = {
				ALWAYS_SEARCH_USER_PATHS = NO;
				CLANG_ANALYZER_NONNULL = YES;
				CLANG_ANALYZER_NUMBER_OBJECT_CONVERSION = YES_AGGRESSIVE;
				CLANG_CXX_LANGUAGE_STANDARD = "gnu++14";
				CLANG_CXX_LIBRARY = "libc++";
				CLANG_ENABLE_MODULES = YES;
				CLANG_ENABLE_OBJC_ARC = YES;
				CLANG_ENABLE_OBJC_WEAK = YES;
				CLANG_WARN_BLOCK_CAPTURE_AUTORELEASING = YES;
				CLANG_WARN_BOOL_CONVERSION = YES;
				CLANG_WARN_COMMA = YES;
				CLANG_WARN_CONSTANT_CONVERSION = YES;
				CLANG_WARN_DEPRECATED_OBJC_IMPLEMENTATIONS = YES;
				CLANG_WARN_DIRECT_OBJC_ISA_USAGE = YES_ERROR;
				CLANG_WARN_DOCUMENTATION_COMMENTS = YES;
				CLANG_WARN_EMPTY_BODY = YES;
				CLANG_WARN_ENUM_CONVERSION = YES;
				CLANG_WARN_INFINITE_RECURSION = YES;
				CLANG_WARN_INT_CONVERSION = YES;
				CLANG_WARN_NON_LITERAL_NULL_CONVERSION = YES;
				CLANG_WARN_OBJC_IMPLICIT_RETAIN_SELF = YES;
				CLANG_WARN_OBJC_LITERAL_CONVERSION = YES;
				CLANG_WARN_OBJC_ROOT_CLASS = YES_ERROR;
				CLANG_WARN_RANGE_LOOP_ANALYSIS = YES;
				CLANG_WARN_STRICT_PROTOTYPES = YES;
				CLANG_WARN_SUSPICIOUS_MOVE = YES;
				CLANG_WARN_UNGUARDED_AVAILABILITY = YES_AGGRESSIVE;
				CLANG_WARN_UNREACHABLE_CODE = YES;
				CLANG_WARN__DUPLICATE_METHOD_MATCH = YES;
				CODE_SIGN_IDENTITY = "iPhone Developer";
				COPY_PHASE_STRIP = NO;
				DEBUG_INFORMATION_FORMAT = dwarf;
				ENABLE_STRICT_OBJC_MSGSEND = YES;
				ENABLE_TESTABILITY = YES;
				GCC_C_LANGUAGE_STANDARD = gnu11;
				GCC_DYNAMIC_NO_PIC = NO;
				GCC_NO_COMMON_BLOCKS = YES;
				GCC_OPTIMIZATION_LEVEL = 0;
				GCC_PREPROCESSOR_DEFINITIONS = (
					"DEBUG=1",
					"$(inherited)",
				);
				GCC_WARN_64_TO_32_BIT_CONVERSION = YES;
				GCC_WARN_ABOUT_RETURN_TYPE = YES_ERROR;
				GCC_WARN_UNDECLARED_SELECTOR = YES;
				GCC_WARN_UNINITIALIZED_AUTOS = YES_AGGRESSIVE;
				GCC_WARN_UNUSED_FUNCTION = YES;
				GCC_WARN_UNUSED_VARIABLE = YES;
				IPHONEOS_DEPLOYMENT_TARGET = 12.4;
				MTL_ENABLE_DEBUG_INFO = INCLUDE_SOURCE;
				MTL_FAST_MATH = YES;
				ONLY_ACTIVE_ARCH = YES;
				SDKROOT = iphoneos;
				SWIFT_ACTIVE_COMPILATION_CONDITIONS = DEBUG;
				SWIFT_OPTIMIZATION_LEVEL = "-Onone";
			};
			name = Debug;
		};
		8036AB9423133A3D00ACF25F /* Release */ = {
			isa = XCBuildConfiguration;
			buildSettings = {
				ALWAYS_SEARCH_USER_PATHS = NO;
				CLANG_ANALYZER_NONNULL = YES;
				CLANG_ANALYZER_NUMBER_OBJECT_CONVERSION = YES_AGGRESSIVE;
				CLANG_CXX_LANGUAGE_STANDARD = "gnu++14";
				CLANG_CXX_LIBRARY = "libc++";
				CLANG_ENABLE_MODULES = YES;
				CLANG_ENABLE_OBJC_ARC = YES;
				CLANG_ENABLE_OBJC_WEAK = YES;
				CLANG_WARN_BLOCK_CAPTURE_AUTORELEASING = YES;
				CLANG_WARN_BOOL_CONVERSION = YES;
				CLANG_WARN_COMMA = YES;
				CLANG_WARN_CONSTANT_CONVERSION = YES;
				CLANG_WARN_DEPRECATED_OBJC_IMPLEMENTATIONS = YES;
				CLANG_WARN_DIRECT_OBJC_ISA_USAGE = YES_ERROR;
				CLANG_WARN_DOCUMENTATION_COMMENTS = YES;
				CLANG_WARN_EMPTY_BODY = YES;
				CLANG_WARN_ENUM_CONVERSION = YES;
				CLANG_WARN_INFINITE_RECURSION = YES;
				CLANG_WARN_INT_CONVERSION = YES;
				CLANG_WARN_NON_LITERAL_NULL_CONVERSION = YES;
				CLANG_WARN_OBJC_IMPLICIT_RETAIN_SELF = YES;
				CLANG_WARN_OBJC_LITERAL_CONVERSION = YES;
				CLANG_WARN_OBJC_ROOT_CLASS = YES_ERROR;
				CLANG_WARN_RANGE_LOOP_ANALYSIS = YES;
				CLANG_WARN_STRICT_PROTOTYPES = YES;
				CLANG_WARN_SUSPICIOUS_MOVE = YES;
				CLANG_WARN_UNGUARDED_AVAILABILITY = YES_AGGRESSIVE;
				CLANG_WARN_UNREACHABLE_CODE = YES;
				CLANG_WARN__DUPLICATE_METHOD_MATCH = YES;
				CODE_SIGN_IDENTITY = "iPhone Developer";
				COPY_PHASE_STRIP = NO;
				DEBUG_INFORMATION_FORMAT = "dwarf-with-dsym";
				ENABLE_NS_ASSERTIONS = NO;
				ENABLE_STRICT_OBJC_MSGSEND = YES;
				GCC_C_LANGUAGE_STANDARD = gnu11;
				GCC_NO_COMMON_BLOCKS = YES;
				GCC_WARN_64_TO_32_BIT_CONVERSION = YES;
				GCC_WARN_ABOUT_RETURN_TYPE = YES_ERROR;
				GCC_WARN_UNDECLARED_SELECTOR = YES;
				GCC_WARN_UNINITIALIZED_AUTOS = YES_AGGRESSIVE;
				GCC_WARN_UNUSED_FUNCTION = YES;
				GCC_WARN_UNUSED_VARIABLE = YES;
				IPHONEOS_DEPLOYMENT_TARGET = 12.4;
				MTL_ENABLE_DEBUG_INFO = NO;
				MTL_FAST_MATH = YES;
				SDKROOT = iphoneos;
				SWIFT_COMPILATION_MODE = wholemodule;
				SWIFT_OPTIMIZATION_LEVEL = "-O";
				VALIDATE_PRODUCT = YES;
			};
			name = Release;
		};
		8036AB9623133A3D00ACF25F /* Debug */ = {
			isa = XCBuildConfiguration;
			buildSettings = {
				ASSETCATALOG_COMPILER_APPICON_NAME = AppIcon;
				CODE_SIGN_STYLE = Automatic;
				DEVELOPMENT_TEAM = 38MLPB9BW2;
				INFOPLIST_FILE = NotesThing/Info.plist;
				IPHONEOS_DEPLOYMENT_TARGET = 12.3;
				LD_RUNPATH_SEARCH_PATHS = (
					"$(inherited)",
					"@executable_path/Frameworks",
				);
				PRODUCT_BUNDLE_IDENTIFIER = com.notesthing.NotesThing;
				PRODUCT_NAME = "$(TARGET_NAME)";
				SWIFT_VERSION = 5.0;
				TARGETED_DEVICE_FAMILY = 2;
			};
			name = Debug;
		};
		8036AB9723133A3D00ACF25F /* Release */ = {
			isa = XCBuildConfiguration;
			buildSettings = {
				ASSETCATALOG_COMPILER_APPICON_NAME = AppIcon;
				CODE_SIGN_STYLE = Automatic;
				DEVELOPMENT_TEAM = 38MLPB9BW2;
				INFOPLIST_FILE = NotesThing/Info.plist;
				IPHONEOS_DEPLOYMENT_TARGET = 12.3;
				LD_RUNPATH_SEARCH_PATHS = (
					"$(inherited)",
					"@executable_path/Frameworks",
				);
				PRODUCT_BUNDLE_IDENTIFIER = com.notesthing.NotesThing;
				PRODUCT_NAME = "$(TARGET_NAME)";
				SWIFT_VERSION = 5.0;
				TARGETED_DEVICE_FAMILY = 2;
			};
			name = Release;
		};
/* End XCBuildConfiguration section */

/* Begin XCConfigurationList section */
		8036AB7E23133A3B00ACF25F /* Build configuration list for PBXProject "NotesThing" */ = {
			isa = XCConfigurationList;
			buildConfigurations = (
				8036AB9323133A3D00ACF25F /* Debug */,
				8036AB9423133A3D00ACF25F /* Release */,
			);
			defaultConfigurationIsVisible = 0;
			defaultConfigurationName = Release;
		};
		8036AB9523133A3D00ACF25F /* Build configuration list for PBXNativeTarget "NotesThing" */ = {
			isa = XCConfigurationList;
			buildConfigurations = (
				8036AB9623133A3D00ACF25F /* Debug */,
				8036AB9723133A3D00ACF25F /* Release */,
			);
			defaultConfigurationIsVisible = 0;
			defaultConfigurationName = Release;
		};
/* End XCConfigurationList section */
	};
	rootObject = 8036AB7B23133A3B00ACF25F /* Project object */;
}
